
Microsoft Visual Studio Solution File, Format Version 12.00
# Visual Studio Version 17
VisualStudioVersion = 17.3.32825.248
MinimumVisualStudioVersion = 10.0.40219.1
Project("{2150E333-8FDC-42A3-9474-1A3956D46DE8}") = "account", "account", "{916668CB-3A8F-49B6-8FA0-86344D2CB1BD}"
EndProject
Project("{2150E333-8FDC-42A3-9474-1A3956D46DE8}") = "modules", "modules", "{86D7F0EE-F3B5-4382-9727-CD88E5344C68}"
EndProject
Project("{9A19103F-16F7-4668-BE54-9A1E7A4F7556}") = "Tribulus.MarketPlace.Shared.Contracts", "shared\Tribulus.MarketPlace.Shared.Contracts\Tribulus.MarketPlace.Shared.Contracts.csproj", "{8820873B-0FB5-454D-A1A8-67A314C7612A}"
EndProject
Project("{2150E333-8FDC-42A3-9474-1A3956D46DE8}") = "shared", "shared", "{39867401-7C86-4A06-BB94-07878F6EEB16}"
EndProject
Project("{9A19103F-16F7-4668-BE54-9A1E7A4F7556}") = "Tribulus.MarketPlace.Shared.Localization", "shared\Tribulus.MarketPlace.Shared.Localization\Tribulus.MarketPlace.Shared.Localization.csproj", "{15FC5FFC-1A1F-465E-8400-2B21F865F045}"
EndProject
Project("{9A19103F-16F7-4668-BE54-9A1E7A4F7556}") = "Tribulus.MarketPlace.Shared.Hosting", "shared\Tribulus.MarketPlace.Shared.Hosting\Tribulus.MarketPlace.Shared.Hosting.csproj", "{6DAB971C-B0A9-4F93-8AEF-9C035E4A81D0}"
EndProject
Project("{9A19103F-16F7-4668-BE54-9A1E7A4F7556}") = "Tribulus.MarketPlace.Shared.Hosting.AspNetCore", "shared\Tribulus.MarketPlace.Shared.Hosting.AspNetCore\Tribulus.MarketPlace.Shared.Hosting.AspNetCore.csproj", "{95F337CC-ED51-44F2-A3C7-5FE5027F6D8A}"
EndProject
Project("{9A19103F-16F7-4668-BE54-9A1E7A4F7556}") = "Tribulus.MarketPlace.Shared.Hosting.Gateways", "shared\Tribulus.MarketPlace.Shared.Hosting.Gateways\Tribulus.MarketPlace.Shared.Hosting.Gateways.csproj", "{7164489A-189B-4EE9-B124-F6ACCC635C62}"
EndProject
Project("{9A19103F-16F7-4668-BE54-9A1E7A4F7556}") = "Tribulus.MarketPlace.Shared.Hosting.Microservices", "shared\Tribulus.MarketPlace.Shared.Hosting.Microservices\Tribulus.MarketPlace.Shared.Hosting.Microservices.csproj", "{B830FBA5-A90A-4B55-BA66-32FB38154E4F}"
EndProject
Project("{9A19103F-16F7-4668-BE54-9A1E7A4F7556}") = "Tribulus.MarketPlace.AuthServer", "apps\auth-server\Tribulus.MarketPlace.AuthServer.csproj", "{D5134C93-BBC9-4173-9A51-A9D05E5AA135}"
EndProject
Project("{2150E333-8FDC-42A3-9474-1A3956D46DE8}") = "gateways", "gateways", "{366CF850-9710-4293-89DF-754793A02CF8}"
EndProject
Project("{2150E333-8FDC-42A3-9474-1A3956D46DE8}") = "ui", "ui", "{52311AA7-30BD-4978-8D8D-9C5AF924B29A}"
EndProject
Project("{9A19103F-16F7-4668-BE54-9A1E7A4F7556}") = "Tribulus.MarketPlace.AggregateService.HttpApi.Host", "modules\aggregate\host\Tribulus.MarketPlace.AggregateService.HttpApi.Host\Tribulus.MarketPlace.AggregateService.HttpApi.Host.csproj", "{F50D8B97-160F-47AC-B5B4-4C5B4DDEDA48}"
EndProject
Project("{9A19103F-16F7-4668-BE54-9A1E7A4F7556}") = "Tribulus.MarketPlace.AbpService.HttpApi.Host", "modules\abp\host\Tribulus.MarketPlace.AbpService.HttpApi.Host\Tribulus.MarketPlace.AbpService.HttpApi.Host.csproj", "{AE9430F6-3DA9-47F4-9A90-D2DF6BF69A4D}"
EndProject
Project("{9A19103F-16F7-4668-BE54-9A1E7A4F7556}") = "Tribulus.MarketPlace.Admin.Blazor", "apps\admin-blazor\Tribulus.MarketPlace.Admin.Blazor.csproj", "{EBE08453-437A-41BE-A921-FA847DE4045D}"
EndProject
Project("{9A19103F-16F7-4668-BE54-9A1E7A4F7556}") = "Tribulus.MarketPlace.Public.Blazor", "apps\public-blazor\Tribulus.MarketPlace.Public.Blazor.csproj", "{901C4C9E-746D-4576-BE94-413BA419E1FF}"
EndProject
Project("{9A19103F-16F7-4668-BE54-9A1E7A4F7556}") = "Tribulus.MarketPlace.Shared.DbMigrator", "shared\Tribulus.MarketPlace.Shared.DbMigrator\Tribulus.MarketPlace.Shared.DbMigrator.csproj", "{1F371018-26EC-4D41-8E0C-3D54E09078E3}"
EndProject
Project("{9A19103F-16F7-4668-BE54-9A1E7A4F7556}") = "Tribulus.MarketPlace.AdminGateway", "gateways\admin-gateway\Tribulus.MarketPlace.AdminGateway.csproj", "{47CD19D7-E210-488B-9131-1EE6A6299ABB}"
EndProject
Project("{9A19103F-16F7-4668-BE54-9A1E7A4F7556}") = "Tribulus.MarketPlace.PublicGateway", "gateways\public-gateway\Tribulus.MarketPlace.PublicGateway.csproj", "{383FD0D4-DE50-45E6-8416-9D9625225D34}"
EndProject
Project("{9A19103F-16F7-4668-BE54-9A1E7A4F7556}") = "Tribulus.MarketPlace.Admin.Inventory.HttpApi.Host", "modules\inventory\host\Tribulus.MarketPlace.Admin.Inventory.HttpApi.Host\Tribulus.MarketPlace.Admin.Inventory.HttpApi.Host.csproj", "{7A2E0CFD-130C-4382-8212-A8C8084DF43A}"
EndProject
Project("{9A19103F-16F7-4668-BE54-9A1E7A4F7556}") = "Tribulus.MarketPlace.Admin.Marketing.HttpApi.Host", "modules\marketing\host\Tribulus.MarketPlace.Admin.Marketing.HttpApi.Host\Tribulus.MarketPlace.Admin.Marketing.HttpApi.Host.csproj", "{A984AB7C-C23F-4CC5-8783-915B40613579}"
EndProject
Project("{9A19103F-16F7-4668-BE54-9A1E7A4F7556}") = "Tribulus.MarketPlace.Admin.Sales.HttpApi.Host", "modules\sales\host\Tribulus.MarketPlace.Admin.Sales.HttpApi.Host\Tribulus.MarketPlace.Admin.Sales.HttpApi.Host.csproj", "{E1C9682F-8458-4729-BC04-BF7EEFD29D87}"
EndProject
Project("{9A19103F-16F7-4668-BE54-9A1E7A4F7556}") = "Tribulus.MarketPlace.Shared.MassTransit", "shared\Tribulus.MarketPlace.Shared.MassTransit\Tribulus.MarketPlace.Shared.MassTransit.csproj", "{9C47E92D-7AA9-4EEB-9653-9DF832EAA598}"
EndProject
Project("{9A19103F-16F7-4668-BE54-9A1E7A4F7556}") = "Tribulus.MarketPlace.AggregateService.Application", "modules\aggregate\src\Tribulus.MarketPlace.AggregateService.Application\Tribulus.MarketPlace.AggregateService.Application.csproj", "{02C4A724-6723-42C3-BD70-A20019A5A5FF}"
EndProject
Global
	GlobalSection(SolutionConfigurationPlatforms) = preSolution
		Debug|Any CPU = Debug|Any CPU
		Debug|x64 = Debug|x64
		Debug|x86 = Debug|x86
		Release|Any CPU = Release|Any CPU
		Release|x64 = Release|x64
		Release|x86 = Release|x86
	EndGlobalSection
	GlobalSection(ProjectConfigurationPlatforms) = postSolution
		{8820873B-0FB5-454D-A1A8-67A314C7612A}.Debug|Any CPU.ActiveCfg = Debug|Any CPU
		{8820873B-0FB5-454D-A1A8-67A314C7612A}.Debug|Any CPU.Build.0 = Debug|Any CPU
		{8820873B-0FB5-454D-A1A8-67A314C7612A}.Debug|x64.ActiveCfg = Debug|Any CPU
		{8820873B-0FB5-454D-A1A8-67A314C7612A}.Debug|x64.Build.0 = Debug|Any CPU
		{8820873B-0FB5-454D-A1A8-67A314C7612A}.Debug|x86.ActiveCfg = Debug|Any CPU
		{8820873B-0FB5-454D-A1A8-67A314C7612A}.Debug|x86.Build.0 = Debug|Any CPU
		{8820873B-0FB5-454D-A1A8-67A314C7612A}.Release|Any CPU.ActiveCfg = Release|Any CPU
		{8820873B-0FB5-454D-A1A8-67A314C7612A}.Release|Any CPU.Build.0 = Release|Any CPU
		{8820873B-0FB5-454D-A1A8-67A314C7612A}.Release|x64.ActiveCfg = Release|Any CPU
		{8820873B-0FB5-454D-A1A8-67A314C7612A}.Release|x64.Build.0 = Release|Any CPU
		{8820873B-0FB5-454D-A1A8-67A314C7612A}.Release|x86.ActiveCfg = Release|Any CPU
		{8820873B-0FB5-454D-A1A8-67A314C7612A}.Release|x86.Build.0 = Release|Any CPU
		{15FC5FFC-1A1F-465E-8400-2B21F865F045}.Debug|Any CPU.ActiveCfg = Debug|Any CPU
		{15FC5FFC-1A1F-465E-8400-2B21F865F045}.Debug|Any CPU.Build.0 = Debug|Any CPU
		{15FC5FFC-1A1F-465E-8400-2B21F865F045}.Debug|x64.ActiveCfg = Debug|Any CPU
		{15FC5FFC-1A1F-465E-8400-2B21F865F045}.Debug|x64.Build.0 = Debug|Any CPU
		{15FC5FFC-1A1F-465E-8400-2B21F865F045}.Debug|x86.ActiveCfg = Debug|Any CPU
		{15FC5FFC-1A1F-465E-8400-2B21F865F045}.Debug|x86.Build.0 = Debug|Any CPU
		{15FC5FFC-1A1F-465E-8400-2B21F865F045}.Release|Any CPU.ActiveCfg = Release|Any CPU
		{15FC5FFC-1A1F-465E-8400-2B21F865F045}.Release|Any CPU.Build.0 = Release|Any CPU
		{15FC5FFC-1A1F-465E-8400-2B21F865F045}.Release|x64.ActiveCfg = Release|Any CPU
		{15FC5FFC-1A1F-465E-8400-2B21F865F045}.Release|x64.Build.0 = Release|Any CPU
		{15FC5FFC-1A1F-465E-8400-2B21F865F045}.Release|x86.ActiveCfg = Release|Any CPU
		{15FC5FFC-1A1F-465E-8400-2B21F865F045}.Release|x86.Build.0 = Release|Any CPU
		{6DAB971C-B0A9-4F93-8AEF-9C035E4A81D0}.Debug|Any CPU.ActiveCfg = Debug|Any CPU
		{6DAB971C-B0A9-4F93-8AEF-9C035E4A81D0}.Debug|Any CPU.Build.0 = Debug|Any CPU
		{6DAB971C-B0A9-4F93-8AEF-9C035E4A81D0}.Debug|x64.ActiveCfg = Debug|Any CPU
		{6DAB971C-B0A9-4F93-8AEF-9C035E4A81D0}.Debug|x64.Build.0 = Debug|Any CPU
		{6DAB971C-B0A9-4F93-8AEF-9C035E4A81D0}.Debug|x86.ActiveCfg = Debug|Any CPU
		{6DAB971C-B0A9-4F93-8AEF-9C035E4A81D0}.Debug|x86.Build.0 = Debug|Any CPU
		{6DAB971C-B0A9-4F93-8AEF-9C035E4A81D0}.Release|Any CPU.ActiveCfg = Release|Any CPU
		{6DAB971C-B0A9-4F93-8AEF-9C035E4A81D0}.Release|Any CPU.Build.0 = Release|Any CPU
		{6DAB971C-B0A9-4F93-8AEF-9C035E4A81D0}.Release|x64.ActiveCfg = Release|Any CPU
		{6DAB971C-B0A9-4F93-8AEF-9C035E4A81D0}.Release|x64.Build.0 = Release|Any CPU
		{6DAB971C-B0A9-4F93-8AEF-9C035E4A81D0}.Release|x86.ActiveCfg = Release|Any CPU
		{6DAB971C-B0A9-4F93-8AEF-9C035E4A81D0}.Release|x86.Build.0 = Release|Any CPU
		{95F337CC-ED51-44F2-A3C7-5FE5027F6D8A}.Debug|Any CPU.ActiveCfg = Debug|Any CPU
		{95F337CC-ED51-44F2-A3C7-5FE5027F6D8A}.Debug|Any CPU.Build.0 = Debug|Any CPU
		{95F337CC-ED51-44F2-A3C7-5FE5027F6D8A}.Debug|x64.ActiveCfg = Debug|Any CPU
		{95F337CC-ED51-44F2-A3C7-5FE5027F6D8A}.Debug|x64.Build.0 = Debug|Any CPU
		{95F337CC-ED51-44F2-A3C7-5FE5027F6D8A}.Debug|x86.ActiveCfg = Debug|Any CPU
		{95F337CC-ED51-44F2-A3C7-5FE5027F6D8A}.Debug|x86.Build.0 = Debug|Any CPU
		{95F337CC-ED51-44F2-A3C7-5FE5027F6D8A}.Release|Any CPU.ActiveCfg = Release|Any CPU
		{95F337CC-ED51-44F2-A3C7-5FE5027F6D8A}.Release|Any CPU.Build.0 = Release|Any CPU
		{95F337CC-ED51-44F2-A3C7-5FE5027F6D8A}.Release|x64.ActiveCfg = Release|Any CPU
		{95F337CC-ED51-44F2-A3C7-5FE5027F6D8A}.Release|x64.Build.0 = Release|Any CPU
		{95F337CC-ED51-44F2-A3C7-5FE5027F6D8A}.Release|x86.ActiveCfg = Release|Any CPU
		{95F337CC-ED51-44F2-A3C7-5FE5027F6D8A}.Release|x86.Build.0 = Release|Any CPU
		{7164489A-189B-4EE9-B124-F6ACCC635C62}.Debug|Any CPU.ActiveCfg = Debug|Any CPU
		{7164489A-189B-4EE9-B124-F6ACCC635C62}.Debug|Any CPU.Build.0 = Debug|Any CPU
		{7164489A-189B-4EE9-B124-F6ACCC635C62}.Debug|x64.ActiveCfg = Debug|Any CPU
		{7164489A-189B-4EE9-B124-F6ACCC635C62}.Debug|x64.Build.0 = Debug|Any CPU
		{7164489A-189B-4EE9-B124-F6ACCC635C62}.Debug|x86.ActiveCfg = Debug|Any CPU
		{7164489A-189B-4EE9-B124-F6ACCC635C62}.Debug|x86.Build.0 = Debug|Any CPU
		{7164489A-189B-4EE9-B124-F6ACCC635C62}.Release|Any CPU.ActiveCfg = Release|Any CPU
		{7164489A-189B-4EE9-B124-F6ACCC635C62}.Release|Any CPU.Build.0 = Release|Any CPU
		{7164489A-189B-4EE9-B124-F6ACCC635C62}.Release|x64.ActiveCfg = Release|Any CPU
		{7164489A-189B-4EE9-B124-F6ACCC635C62}.Release|x64.Build.0 = Release|Any CPU
		{7164489A-189B-4EE9-B124-F6ACCC635C62}.Release|x86.ActiveCfg = Release|Any CPU
		{7164489A-189B-4EE9-B124-F6ACCC635C62}.Release|x86.Build.0 = Release|Any CPU
		{B830FBA5-A90A-4B55-BA66-32FB38154E4F}.Debug|Any CPU.ActiveCfg = Debug|Any CPU
		{B830FBA5-A90A-4B55-BA66-32FB38154E4F}.Debug|Any CPU.Build.0 = Debug|Any CPU
		{B830FBA5-A90A-4B55-BA66-32FB38154E4F}.Debug|x64.ActiveCfg = Debug|Any CPU
		{B830FBA5-A90A-4B55-BA66-32FB38154E4F}.Debug|x64.Build.0 = Debug|Any CPU
		{B830FBA5-A90A-4B55-BA66-32FB38154E4F}.Debug|x86.ActiveCfg = Debug|Any CPU
		{B830FBA5-A90A-4B55-BA66-32FB38154E4F}.Debug|x86.Build.0 = Debug|Any CPU
		{B830FBA5-A90A-4B55-BA66-32FB38154E4F}.Release|Any CPU.ActiveCfg = Release|Any CPU
		{B830FBA5-A90A-4B55-BA66-32FB38154E4F}.Release|Any CPU.Build.0 = Release|Any CPU
		{B830FBA5-A90A-4B55-BA66-32FB38154E4F}.Release|x64.ActiveCfg = Release|Any CPU
		{B830FBA5-A90A-4B55-BA66-32FB38154E4F}.Release|x64.Build.0 = Release|Any CPU
		{B830FBA5-A90A-4B55-BA66-32FB38154E4F}.Release|x86.ActiveCfg = Release|Any CPU
		{B830FBA5-A90A-4B55-BA66-32FB38154E4F}.Release|x86.Build.0 = Release|Any CPU
		{D5134C93-BBC9-4173-9A51-A9D05E5AA135}.Debug|Any CPU.ActiveCfg = Debug|Any CPU
		{D5134C93-BBC9-4173-9A51-A9D05E5AA135}.Debug|Any CPU.Build.0 = Debug|Any CPU
		{D5134C93-BBC9-4173-9A51-A9D05E5AA135}.Debug|x64.ActiveCfg = Debug|Any CPU
		{D5134C93-BBC9-4173-9A51-A9D05E5AA135}.Debug|x64.Build.0 = Debug|Any CPU
		{D5134C93-BBC9-4173-9A51-A9D05E5AA135}.Debug|x86.ActiveCfg = Debug|Any CPU
		{D5134C93-BBC9-4173-9A51-A9D05E5AA135}.Debug|x86.Build.0 = Debug|Any CPU
		{D5134C93-BBC9-4173-9A51-A9D05E5AA135}.Release|Any CPU.ActiveCfg = Release|Any CPU
		{D5134C93-BBC9-4173-9A51-A9D05E5AA135}.Release|Any CPU.Build.0 = Release|Any CPU
		{D5134C93-BBC9-4173-9A51-A9D05E5AA135}.Release|x64.ActiveCfg = Release|Any CPU
		{D5134C93-BBC9-4173-9A51-A9D05E5AA135}.Release|x64.Build.0 = Release|Any CPU
		{D5134C93-BBC9-4173-9A51-A9D05E5AA135}.Release|x86.ActiveCfg = Release|Any CPU
		{D5134C93-BBC9-4173-9A51-A9D05E5AA135}.Release|x86.Build.0 = Release|Any CPU
		{F50D8B97-160F-47AC-B5B4-4C5B4DDEDA48}.Debug|Any CPU.ActiveCfg = Debug|Any CPU
		{F50D8B97-160F-47AC-B5B4-4C5B4DDEDA48}.Debug|Any CPU.Build.0 = Debug|Any CPU
		{F50D8B97-160F-47AC-B5B4-4C5B4DDEDA48}.Debug|x64.ActiveCfg = Debug|Any CPU
		{F50D8B97-160F-47AC-B5B4-4C5B4DDEDA48}.Debug|x64.Build.0 = Debug|Any CPU
		{F50D8B97-160F-47AC-B5B4-4C5B4DDEDA48}.Debug|x86.ActiveCfg = Debug|Any CPU
		{F50D8B97-160F-47AC-B5B4-4C5B4DDEDA48}.Debug|x86.Build.0 = Debug|Any CPU
		{F50D8B97-160F-47AC-B5B4-4C5B4DDEDA48}.Release|Any CPU.ActiveCfg = Release|Any CPU
		{F50D8B97-160F-47AC-B5B4-4C5B4DDEDA48}.Release|Any CPU.Build.0 = Release|Any CPU
		{F50D8B97-160F-47AC-B5B4-4C5B4DDEDA48}.Release|x64.ActiveCfg = Release|Any CPU
		{F50D8B97-160F-47AC-B5B4-4C5B4DDEDA48}.Release|x64.Build.0 = Release|Any CPU
		{F50D8B97-160F-47AC-B5B4-4C5B4DDEDA48}.Release|x86.ActiveCfg = Release|Any CPU
		{F50D8B97-160F-47AC-B5B4-4C5B4DDEDA48}.Release|x86.Build.0 = Release|Any CPU
		{AE9430F6-3DA9-47F4-9A90-D2DF6BF69A4D}.Debug|Any CPU.ActiveCfg = Debug|Any CPU
		{AE9430F6-3DA9-47F4-9A90-D2DF6BF69A4D}.Debug|Any CPU.Build.0 = Debug|Any CPU
		{AE9430F6-3DA9-47F4-9A90-D2DF6BF69A4D}.Debug|x64.ActiveCfg = Debug|Any CPU
		{AE9430F6-3DA9-47F4-9A90-D2DF6BF69A4D}.Debug|x64.Build.0 = Debug|Any CPU
		{AE9430F6-3DA9-47F4-9A90-D2DF6BF69A4D}.Debug|x86.ActiveCfg = Debug|Any CPU
		{AE9430F6-3DA9-47F4-9A90-D2DF6BF69A4D}.Debug|x86.Build.0 = Debug|Any CPU
		{AE9430F6-3DA9-47F4-9A90-D2DF6BF69A4D}.Release|Any CPU.ActiveCfg = Release|Any CPU
		{AE9430F6-3DA9-47F4-9A90-D2DF6BF69A4D}.Release|Any CPU.Build.0 = Release|Any CPU
		{AE9430F6-3DA9-47F4-9A90-D2DF6BF69A4D}.Release|x64.ActiveCfg = Release|Any CPU
		{AE9430F6-3DA9-47F4-9A90-D2DF6BF69A4D}.Release|x64.Build.0 = Release|Any CPU
		{AE9430F6-3DA9-47F4-9A90-D2DF6BF69A4D}.Release|x86.ActiveCfg = Release|Any CPU
		{AE9430F6-3DA9-47F4-9A90-D2DF6BF69A4D}.Release|x86.Build.0 = Release|Any CPU
		{EBE08453-437A-41BE-A921-FA847DE4045D}.Debug|Any CPU.ActiveCfg = Debug|Any CPU
		{EBE08453-437A-41BE-A921-FA847DE4045D}.Debug|Any CPU.Build.0 = Debug|Any CPU
		{EBE08453-437A-41BE-A921-FA847DE4045D}.Debug|x64.ActiveCfg = Debug|Any CPU
		{EBE08453-437A-41BE-A921-FA847DE4045D}.Debug|x64.Build.0 = Debug|Any CPU
		{EBE08453-437A-41BE-A921-FA847DE4045D}.Debug|x86.ActiveCfg = Debug|Any CPU
		{EBE08453-437A-41BE-A921-FA847DE4045D}.Debug|x86.Build.0 = Debug|Any CPU
		{EBE08453-437A-41BE-A921-FA847DE4045D}.Release|Any CPU.ActiveCfg = Release|Any CPU
		{EBE08453-437A-41BE-A921-FA847DE4045D}.Release|Any CPU.Build.0 = Release|Any CPU
		{EBE08453-437A-41BE-A921-FA847DE4045D}.Release|x64.ActiveCfg = Release|Any CPU
		{EBE08453-437A-41BE-A921-FA847DE4045D}.Release|x64.Build.0 = Release|Any CPU
		{EBE08453-437A-41BE-A921-FA847DE4045D}.Release|x86.ActiveCfg = Release|Any CPU
		{EBE08453-437A-41BE-A921-FA847DE4045D}.Release|x86.Build.0 = Release|Any CPU
		{901C4C9E-746D-4576-BE94-413BA419E1FF}.Debug|Any CPU.ActiveCfg = Debug|Any CPU
		{901C4C9E-746D-4576-BE94-413BA419E1FF}.Debug|Any CPU.Build.0 = Debug|Any CPU
		{901C4C9E-746D-4576-BE94-413BA419E1FF}.Debug|x64.ActiveCfg = Debug|Any CPU
		{901C4C9E-746D-4576-BE94-413BA419E1FF}.Debug|x64.Build.0 = Debug|Any CPU
		{901C4C9E-746D-4576-BE94-413BA419E1FF}.Debug|x86.ActiveCfg = Debug|Any CPU
		{901C4C9E-746D-4576-BE94-413BA419E1FF}.Debug|x86.Build.0 = Debug|Any CPU
		{901C4C9E-746D-4576-BE94-413BA419E1FF}.Release|Any CPU.ActiveCfg = Release|Any CPU
		{901C4C9E-746D-4576-BE94-413BA419E1FF}.Release|Any CPU.Build.0 = Release|Any CPU
		{901C4C9E-746D-4576-BE94-413BA419E1FF}.Release|x64.ActiveCfg = Release|Any CPU
		{901C4C9E-746D-4576-BE94-413BA419E1FF}.Release|x64.Build.0 = Release|Any CPU
		{901C4C9E-746D-4576-BE94-413BA419E1FF}.Release|x86.ActiveCfg = Release|Any CPU
		{901C4C9E-746D-4576-BE94-413BA419E1FF}.Release|x86.Build.0 = Release|Any CPU
		{1F371018-26EC-4D41-8E0C-3D54E09078E3}.Debug|Any CPU.ActiveCfg = Debug|Any CPU
		{1F371018-26EC-4D41-8E0C-3D54E09078E3}.Debug|Any CPU.Build.0 = Debug|Any CPU
		{1F371018-26EC-4D41-8E0C-3D54E09078E3}.Debug|x64.ActiveCfg = Debug|Any CPU
		{1F371018-26EC-4D41-8E0C-3D54E09078E3}.Debug|x64.Build.0 = Debug|Any CPU
		{1F371018-26EC-4D41-8E0C-3D54E09078E3}.Debug|x86.ActiveCfg = Debug|Any CPU
		{1F371018-26EC-4D41-8E0C-3D54E09078E3}.Debug|x86.Build.0 = Debug|Any CPU
		{1F371018-26EC-4D41-8E0C-3D54E09078E3}.Release|Any CPU.ActiveCfg = Release|Any CPU
		{1F371018-26EC-4D41-8E0C-3D54E09078E3}.Release|Any CPU.Build.0 = Release|Any CPU
		{1F371018-26EC-4D41-8E0C-3D54E09078E3}.Release|x64.ActiveCfg = Release|Any CPU
		{1F371018-26EC-4D41-8E0C-3D54E09078E3}.Release|x64.Build.0 = Release|Any CPU
		{1F371018-26EC-4D41-8E0C-3D54E09078E3}.Release|x86.ActiveCfg = Release|Any CPU
		{1F371018-26EC-4D41-8E0C-3D54E09078E3}.Release|x86.Build.0 = Release|Any CPU
		{47CD19D7-E210-488B-9131-1EE6A6299ABB}.Debug|Any CPU.ActiveCfg = Debug|Any CPU
		{47CD19D7-E210-488B-9131-1EE6A6299ABB}.Debug|Any CPU.Build.0 = Debug|Any CPU
		{47CD19D7-E210-488B-9131-1EE6A6299ABB}.Debug|x64.ActiveCfg = Debug|Any CPU
		{47CD19D7-E210-488B-9131-1EE6A6299ABB}.Debug|x64.Build.0 = Debug|Any CPU
		{47CD19D7-E210-488B-9131-1EE6A6299ABB}.Debug|x86.ActiveCfg = Debug|Any CPU
		{47CD19D7-E210-488B-9131-1EE6A6299ABB}.Debug|x86.Build.0 = Debug|Any CPU
		{47CD19D7-E210-488B-9131-1EE6A6299ABB}.Release|Any CPU.ActiveCfg = Release|Any CPU
		{47CD19D7-E210-488B-9131-1EE6A6299ABB}.Release|Any CPU.Build.0 = Release|Any CPU
		{47CD19D7-E210-488B-9131-1EE6A6299ABB}.Release|x64.ActiveCfg = Release|Any CPU
		{47CD19D7-E210-488B-9131-1EE6A6299ABB}.Release|x64.Build.0 = Release|Any CPU
		{47CD19D7-E210-488B-9131-1EE6A6299ABB}.Release|x86.ActiveCfg = Release|Any CPU
		{47CD19D7-E210-488B-9131-1EE6A6299ABB}.Release|x86.Build.0 = Release|Any CPU
		{383FD0D4-DE50-45E6-8416-9D9625225D34}.Debug|Any CPU.ActiveCfg = Debug|Any CPU
		{383FD0D4-DE50-45E6-8416-9D9625225D34}.Debug|Any CPU.Build.0 = Debug|Any CPU
		{383FD0D4-DE50-45E6-8416-9D9625225D34}.Debug|x64.ActiveCfg = Debug|Any CPU
		{383FD0D4-DE50-45E6-8416-9D9625225D34}.Debug|x64.Build.0 = Debug|Any CPU
		{383FD0D4-DE50-45E6-8416-9D9625225D34}.Debug|x86.ActiveCfg = Debug|Any CPU
		{383FD0D4-DE50-45E6-8416-9D9625225D34}.Debug|x86.Build.0 = Debug|Any CPU
		{383FD0D4-DE50-45E6-8416-9D9625225D34}.Release|Any CPU.ActiveCfg = Release|Any CPU
		{383FD0D4-DE50-45E6-8416-9D9625225D34}.Release|Any CPU.Build.0 = Release|Any CPU
		{383FD0D4-DE50-45E6-8416-9D9625225D34}.Release|x64.ActiveCfg = Release|Any CPU
		{383FD0D4-DE50-45E6-8416-9D9625225D34}.Release|x64.Build.0 = Release|Any CPU
		{383FD0D4-DE50-45E6-8416-9D9625225D34}.Release|x86.ActiveCfg = Release|Any CPU
		{383FD0D4-DE50-45E6-8416-9D9625225D34}.Release|x86.Build.0 = Release|Any CPU
		{7A2E0CFD-130C-4382-8212-A8C8084DF43A}.Debug|Any CPU.ActiveCfg = Debug|Any CPU
		{7A2E0CFD-130C-4382-8212-A8C8084DF43A}.Debug|Any CPU.Build.0 = Debug|Any CPU
		{7A2E0CFD-130C-4382-8212-A8C8084DF43A}.Debug|x64.ActiveCfg = Debug|Any CPU
		{7A2E0CFD-130C-4382-8212-A8C8084DF43A}.Debug|x64.Build.0 = Debug|Any CPU
		{7A2E0CFD-130C-4382-8212-A8C8084DF43A}.Debug|x86.ActiveCfg = Debug|Any CPU
		{7A2E0CFD-130C-4382-8212-A8C8084DF43A}.Debug|x86.Build.0 = Debug|Any CPU
		{7A2E0CFD-130C-4382-8212-A8C8084DF43A}.Release|Any CPU.ActiveCfg = Release|Any CPU
		{7A2E0CFD-130C-4382-8212-A8C8084DF43A}.Release|Any CPU.Build.0 = Release|Any CPU
		{7A2E0CFD-130C-4382-8212-A8C8084DF43A}.Release|x64.ActiveCfg = Release|Any CPU
		{7A2E0CFD-130C-4382-8212-A8C8084DF43A}.Release|x64.Build.0 = Release|Any CPU
		{7A2E0CFD-130C-4382-8212-A8C8084DF43A}.Release|x86.ActiveCfg = Release|Any CPU
		{7A2E0CFD-130C-4382-8212-A8C8084DF43A}.Release|x86.Build.0 = Release|Any CPU
		{A984AB7C-C23F-4CC5-8783-915B40613579}.Debug|Any CPU.ActiveCfg = Debug|Any CPU
		{A984AB7C-C23F-4CC5-8783-915B40613579}.Debug|Any CPU.Build.0 = Debug|Any CPU
		{A984AB7C-C23F-4CC5-8783-915B40613579}.Debug|x64.ActiveCfg = Debug|Any CPU
		{A984AB7C-C23F-4CC5-8783-915B40613579}.Debug|x64.Build.0 = Debug|Any CPU
		{A984AB7C-C23F-4CC5-8783-915B40613579}.Debug|x86.ActiveCfg = Debug|Any CPU
		{A984AB7C-C23F-4CC5-8783-915B40613579}.Debug|x86.Build.0 = Debug|Any CPU
		{A984AB7C-C23F-4CC5-8783-915B40613579}.Release|Any CPU.ActiveCfg = Release|Any CPU
		{A984AB7C-C23F-4CC5-8783-915B40613579}.Release|Any CPU.Build.0 = Release|Any CPU
		{A984AB7C-C23F-4CC5-8783-915B40613579}.Release|x64.ActiveCfg = Release|Any CPU
		{A984AB7C-C23F-4CC5-8783-915B40613579}.Release|x64.Build.0 = Release|Any CPU
		{A984AB7C-C23F-4CC5-8783-915B40613579}.Release|x86.ActiveCfg = Release|Any CPU
		{A984AB7C-C23F-4CC5-8783-915B40613579}.Release|x86.Build.0 = Release|Any CPU
		{E1C9682F-8458-4729-BC04-BF7EEFD29D87}.Debug|Any CPU.ActiveCfg = Debug|Any CPU
		{E1C9682F-8458-4729-BC04-BF7EEFD29D87}.Debug|Any CPU.Build.0 = Debug|Any CPU
		{E1C9682F-8458-4729-BC04-BF7EEFD29D87}.Debug|x64.ActiveCfg = Debug|Any CPU
		{E1C9682F-8458-4729-BC04-BF7EEFD29D87}.Debug|x64.Build.0 = Debug|Any CPU
		{E1C9682F-8458-4729-BC04-BF7EEFD29D87}.Debug|x86.ActiveCfg = Debug|Any CPU
		{E1C9682F-8458-4729-BC04-BF7EEFD29D87}.Debug|x86.Build.0 = Debug|Any CPU
		{E1C9682F-8458-4729-BC04-BF7EEFD29D87}.Release|Any CPU.ActiveCfg = Release|Any CPU
		{E1C9682F-8458-4729-BC04-BF7EEFD29D87}.Release|Any CPU.Build.0 = Release|Any CPU
		{E1C9682F-8458-4729-BC04-BF7EEFD29D87}.Release|x64.ActiveCfg = Release|Any CPU
		{E1C9682F-8458-4729-BC04-BF7EEFD29D87}.Release|x64.Build.0 = Release|Any CPU
		{E1C9682F-8458-4729-BC04-BF7EEFD29D87}.Release|x86.ActiveCfg = Release|Any CPU
		{E1C9682F-8458-4729-BC04-BF7EEFD29D87}.Release|x86.Build.0 = Release|Any CPU
		{9C47E92D-7AA9-4EEB-9653-9DF832EAA598}.Debug|Any CPU.ActiveCfg = Debug|Any CPU
		{9C47E92D-7AA9-4EEB-9653-9DF832EAA598}.Debug|Any CPU.Build.0 = Debug|Any CPU
		{9C47E92D-7AA9-4EEB-9653-9DF832EAA598}.Debug|x64.ActiveCfg = Debug|Any CPU
		{9C47E92D-7AA9-4EEB-9653-9DF832EAA598}.Debug|x64.Build.0 = Debug|Any CPU
		{9C47E92D-7AA9-4EEB-9653-9DF832EAA598}.Debug|x86.ActiveCfg = Debug|Any CPU
		{9C47E92D-7AA9-4EEB-9653-9DF832EAA598}.Debug|x86.Build.0 = Debug|Any CPU
		{9C47E92D-7AA9-4EEB-9653-9DF832EAA598}.Release|Any CPU.ActiveCfg = Release|Any CPU
		{9C47E92D-7AA9-4EEB-9653-9DF832EAA598}.Release|Any CPU.Build.0 = Release|Any CPU
		{9C47E92D-7AA9-4EEB-9653-9DF832EAA598}.Release|x64.ActiveCfg = Release|Any CPU
		{9C47E92D-7AA9-4EEB-9653-9DF832EAA598}.Release|x64.Build.0 = Release|Any CPU
		{9C47E92D-7AA9-4EEB-9653-9DF832EAA598}.Release|x86.ActiveCfg = Release|Any CPU
		{9C47E92D-7AA9-4EEB-9653-9DF832EAA598}.Release|x86.Build.0 = Release|Any CPU
		{02C4A724-6723-42C3-BD70-A20019A5A5FF}.Debug|Any CPU.ActiveCfg = Debug|Any CPU
		{02C4A724-6723-42C3-BD70-A20019A5A5FF}.Debug|Any CPU.Build.0 = Debug|Any CPU
		{02C4A724-6723-42C3-BD70-A20019A5A5FF}.Debug|x64.ActiveCfg = Debug|Any CPU
		{02C4A724-6723-42C3-BD70-A20019A5A5FF}.Debug|x64.Build.0 = Debug|Any CPU
		{02C4A724-6723-42C3-BD70-A20019A5A5FF}.Debug|x86.ActiveCfg = Debug|Any CPU
		{02C4A724-6723-42C3-BD70-A20019A5A5FF}.Debug|x86.Build.0 = Debug|Any CPU
		{02C4A724-6723-42C3-BD70-A20019A5A5FF}.Release|Any CPU.ActiveCfg = Release|Any CPU
		{02C4A724-6723-42C3-BD70-A20019A5A5FF}.Release|Any CPU.Build.0 = Release|Any CPU
		{02C4A724-6723-42C3-BD70-A20019A5A5FF}.Release|x64.ActiveCfg = Release|Any CPU
		{02C4A724-6723-42C3-BD70-A20019A5A5FF}.Release|x64.Build.0 = Release|Any CPU
		{02C4A724-6723-42C3-BD70-A20019A5A5FF}.Release|x86.ActiveCfg = Release|Any CPU
		{02C4A724-6723-42C3-BD70-A20019A5A5FF}.Release|x86.Build.0 = Release|Any CPU
	EndGlobalSection
	GlobalSection(SolutionProperties) = preSolution
		HideSolutionNode = FALSE
	EndGlobalSection
	GlobalSection(NestedProjects) = preSolution
		{8820873B-0FB5-454D-A1A8-67A314C7612A} = {39867401-7C86-4A06-BB94-07878F6EEB16}
		{15FC5FFC-1A1F-465E-8400-2B21F865F045} = {39867401-7C86-4A06-BB94-07878F6EEB16}
		{6DAB971C-B0A9-4F93-8AEF-9C035E4A81D0} = {39867401-7C86-4A06-BB94-07878F6EEB16}
		{95F337CC-ED51-44F2-A3C7-5FE5027F6D8A} = {39867401-7C86-4A06-BB94-07878F6EEB16}
		{7164489A-189B-4EE9-B124-F6ACCC635C62} = {39867401-7C86-4A06-BB94-07878F6EEB16}
		{B830FBA5-A90A-4B55-BA66-32FB38154E4F} = {39867401-7C86-4A06-BB94-07878F6EEB16}
		{D5134C93-BBC9-4173-9A51-A9D05E5AA135} = {916668CB-3A8F-49B6-8FA0-86344D2CB1BD}
		{F50D8B97-160F-47AC-B5B4-4C5B4DDEDA48} = {86D7F0EE-F3B5-4382-9727-CD88E5344C68}
		{AE9430F6-3DA9-47F4-9A90-D2DF6BF69A4D} = {86D7F0EE-F3B5-4382-9727-CD88E5344C68}
		{EBE08453-437A-41BE-A921-FA847DE4045D} = {52311AA7-30BD-4978-8D8D-9C5AF924B29A}
		{901C4C9E-746D-4576-BE94-413BA419E1FF} = {52311AA7-30BD-4978-8D8D-9C5AF924B29A}
		{1F371018-26EC-4D41-8E0C-3D54E09078E3} = {39867401-7C86-4A06-BB94-07878F6EEB16}
		{47CD19D7-E210-488B-9131-1EE6A6299ABB} = {366CF850-9710-4293-89DF-754793A02CF8}
		{383FD0D4-DE50-45E6-8416-9D9625225D34} = {366CF850-9710-4293-89DF-754793A02CF8}
		{7A2E0CFD-130C-4382-8212-A8C8084DF43A} = {86D7F0EE-F3B5-4382-9727-CD88E5344C68}
		{A984AB7C-C23F-4CC5-8783-915B40613579} = {86D7F0EE-F3B5-4382-9727-CD88E5344C68}
		{E1C9682F-8458-4729-BC04-BF7EEFD29D87} = {86D7F0EE-F3B5-4382-9727-CD88E5344C68}
		{9C47E92D-7AA9-4EEB-9653-9DF832EAA598} = {39867401-7C86-4A06-BB94-07878F6EEB16}
		{02C4A724-6723-42C3-BD70-A20019A5A5FF} = {86D7F0EE-F3B5-4382-9727-CD88E5344C68}
	EndGlobalSection
	GlobalSection(ExtensibilityGlobals) = postSolution
		SolutionGuid = {2EA19761-8B30-6D6D-C337-462DE3A08DD5}
	EndGlobalSection
EndGlobal
