
Microsoft Visual Studio Solution File, Format Version 12.00
# Visual Studio Version 17
VisualStudioVersion = 17.3.32922.545
MinimumVisualStudioVersion = 10.0.40219.1
Project("{9A19103F-16F7-4668-BE54-9A1E7A4F7556}") = "Tribulus.MarketPlace.Marketing.Domain.Shared", "src\Tribulus.MarketPlace.Marketing.Domain.Shared\Tribulus.MarketPlace.Marketing.Domain.Shared.csproj", "{D64C1577-4929-4B60-939E-96DE1534891A}"
EndProject
Project("{9A19103F-16F7-4668-BE54-9A1E7A4F7556}") = "Tribulus.MarketPlace.Marketing.Domain", "src\Tribulus.MarketPlace.Marketing.Domain\Tribulus.MarketPlace.Marketing.Domain.csproj", "{F2840BC7-0188-4606-9126-DADD0F5ABF7A}"
EndProject
Project("{9A19103F-16F7-4668-BE54-9A1E7A4F7556}") = "Tribulus.MarketPlace.Marketing.Application.Contracts", "src\Tribulus.MarketPlace.Marketing.Application.Contracts\Tribulus.MarketPlace.Marketing.Application.Contracts.csproj", "{BD65D04F-08D5-40C1-8C24-77CA0BACB877}"
EndProject
Project("{9A19103F-16F7-4668-BE54-9A1E7A4F7556}") = "Tribulus.MarketPlace.Marketing.Application", "src\Tribulus.MarketPlace.Marketing.Application\Tribulus.MarketPlace.Marketing.Application.csproj", "{78040F9E-3501-4A40-82DF-00A597710F35}"
EndProject
Project("{2150E333-8FDC-42A3-9474-1A3956D46DE8}") = "src", "src", "{649A3FFA-182F-4E56-9717-E6A9A2BEC545}"
EndProject
Project("{2150E333-8FDC-42A3-9474-1A3956D46DE8}") = "test", "test", "{CCD2960C-23CC-4AB4-B84D-60C7AAA52F4D}"
EndProject
Project("{9A19103F-16F7-4668-BE54-9A1E7A4F7556}") = "Tribulus.MarketPlace.Marketing.EntityFrameworkCore", "src\Tribulus.MarketPlace.Marketing.EntityFrameworkCore\Tribulus.MarketPlace.Marketing.EntityFrameworkCore.csproj", "{0CE86223-D31D-4315-A1F5-87BA3EE1B844}"
EndProject
Project("{9A19103F-16F7-4668-BE54-9A1E7A4F7556}") = "Tribulus.MarketPlace.Marketing.HttpApi", "src\Tribulus.MarketPlace.Marketing.HttpApi\Tribulus.MarketPlace.Marketing.HttpApi.csproj", "{077AA5F8-8B61-420C-A6B5-0150A66FDB34}"
EndProject
Project("{9A19103F-16F7-4668-BE54-9A1E7A4F7556}") = "Tribulus.MarketPlace.Marketing.HttpApi.Client", "src\Tribulus.MarketPlace.Marketing.HttpApi.Client\Tribulus.MarketPlace.Marketing.HttpApi.Client.csproj", "{36E2735F-CEAB-44C8-A6D1-2CDAFF399751}"
EndProject
Project("{9A19103F-16F7-4668-BE54-9A1E7A4F7556}") = "Tribulus.MarketPlace.Marketing.TestBase", "test\Tribulus.MarketPlace.Marketing.TestBase\Tribulus.MarketPlace.Marketing.TestBase.csproj", "{C5BB573D-3030-4BCB-88B7-F6A85C32766C}"
EndProject
Project("{9A19103F-16F7-4668-BE54-9A1E7A4F7556}") = "Tribulus.MarketPlace.Marketing.EntityFrameworkCore.Tests", "test\Tribulus.MarketPlace.Marketing.EntityFrameworkCore.Tests\Tribulus.MarketPlace.Marketing.EntityFrameworkCore.Tests.csproj", "{527F645C-C1FC-406E-8479-81386C8ECF13}"
EndProject
Project("{9A19103F-16F7-4668-BE54-9A1E7A4F7556}") = "Tribulus.MarketPlace.Marketing.Domain.Tests", "test\Tribulus.MarketPlace.Marketing.Domain.Tests\Tribulus.MarketPlace.Marketing.Domain.Tests.csproj", "{E60895E5-79C4-447D-88B7-85CB5BA336A4}"
EndProject
Project("{9A19103F-16F7-4668-BE54-9A1E7A4F7556}") = "Tribulus.MarketPlace.Marketing.Application.Tests", "test\Tribulus.MarketPlace.Marketing.Application.Tests\Tribulus.MarketPlace.Marketing.Application.Tests.csproj", "{90CB5DC4-C040-45C7-8900-9688B26405BC}"
EndProject
Project("{9A19103F-16F7-4668-BE54-9A1E7A4F7556}") = "Tribulus.MarketPlace.Marketing.HttpApi.Client.ConsoleTestApp", "test\Tribulus.MarketPlace.Marketing.HttpApi.Client.ConsoleTestApp\Tribulus.MarketPlace.Marketing.HttpApi.Client.ConsoleTestApp.csproj", "{1EDCD6D4-DF3A-4E3B-ABB6-C0D0B373EAB8}"
EndProject
Project("{2150E333-8FDC-42A3-9474-1A3956D46DE8}") = "www", "www", "{ABCCE3BE-E9E5-4267-B09C-20B615958E5E}"
EndProject
Project("{2150E333-8FDC-42A3-9474-1A3956D46DE8}") = "admin", "admin", "{595A64CB-B178-47F7-9BFF-CF558319FCE8}"
EndProject
Project("{2150E333-8FDC-42A3-9474-1A3956D46DE8}") = "common", "common", "{052D47BA-E40B-4535-97BB-A749BF10D4D8}"
EndProject
Project("{2150E333-8FDC-42A3-9474-1A3956D46DE8}") = "shared", "shared", "{8CB74A18-A913-4521-87C1-C717D87BC59D}"
EndProject
Project("{9A19103F-16F7-4668-BE54-9A1E7A4F7556}") = "Tribulus.MarketPlace.Admin.Marketing.Application", "src\Tribulus.MarketPlace.Admin.Marketing.Application\Tribulus.MarketPlace.Admin.Marketing.Application.csproj", "{F849F3DC-D380-4DEF-A271-E99E33FCBC15}"
EndProject
Project("{9A19103F-16F7-4668-BE54-9A1E7A4F7556}") = "Tribulus.MarketPlace.Admin.Marketing.HttpApi", "src\Tribulus.MarketPlace.Admin.Marketing.HttpApi\Tribulus.MarketPlace.Admin.Marketing.HttpApi.csproj", "{467A6B19-3BBB-4911-BD6C-0DDD747685F8}"
EndProject
Project("{9A19103F-16F7-4668-BE54-9A1E7A4F7556}") = "Tribulus.MarketPlace.Admin.Marketing.HttpApi.Client", "src\Tribulus.MarketPlace.Admin.Marketing.HttpApi.Client\Tribulus.MarketPlace.Admin.Marketing.HttpApi.Client.csproj", "{F1BC4499-5B3B-4963-B1CB-720082054071}"
EndProject
Project("{9A19103F-16F7-4668-BE54-9A1E7A4F7556}") = "Tribulus.MarketPlace.Admin.Marketing.Application.Contracts", "src\Tribulus.MarketPlace.Admin.Marketing.Application.Contracts\Tribulus.MarketPlace.Admin.Marketing.Application.Contracts.csproj", "{E9B61671-EBB1-4AA9-9BD7-568125C8F5E1}"
EndProject
Project("{9A19103F-16F7-4668-BE54-9A1E7A4F7556}") = "Tribulus.MarketPlace.Marketing.Application.Contracts.Shared", "src\Tribulus.MarketPlace.Marketing.Application.Contracts.Shared\Tribulus.MarketPlace.Marketing.Application.Contracts.Shared.csproj", "{A0A3056D-4F77-4FEE-BC24-5D7EF7864BF6}"
EndProject
Project("{2150E333-8FDC-42A3-9474-1A3956D46DE8}") = "common", "common", "{7F5AD509-11C1-4BB3-AB58-7555419950DD}"
EndProject
Project("{2150E333-8FDC-42A3-9474-1A3956D46DE8}") = "www", "www", "{63660520-7F41-4E7B-AE62-E8E8B85C9AD5}"
EndProject
Project("{2150E333-8FDC-42A3-9474-1A3956D46DE8}") = "admin", "admin", "{39EDE18B-D310-4049-BC16-F64DD04AC770}"
EndProject
Project("{9A19103F-16F7-4668-BE54-9A1E7A4F7556}") = "Tribulus.MarketPlace.Admin.Marketing.Application.Tests", "test\Tribulus.MarketPlace.Admin.Marketing.Application.Tests\Tribulus.MarketPlace.Admin.Marketing.Application.Tests.csproj", "{298FBEE1-F93B-4B8F-8B91-EBEDF62DA9CC}"
EndProject
Project("{2150E333-8FDC-42A3-9474-1A3956D46DE8}") = "console", "console", "{0140ECBA-FDB7-49B6-B06D-776A66F41D65}"
EndProject
Project("{9A19103F-16F7-4668-BE54-9A1E7A4F7556}") = "Tribulus.MarketPlace.Admin.Marketing.Composition", "src\Tribulus.MarketPlace.Admin.Marketing.Composition\Tribulus.MarketPlace.Admin.Marketing.Composition.csproj", "{E2653B0E-4B84-45CA-A130-65ED70F883A8}"
EndProject
Global
	GlobalSection(SolutionConfigurationPlatforms) = preSolution
		Debug|Any CPU = Debug|Any CPU
		Release|Any CPU = Release|Any CPU
	EndGlobalSection
	GlobalSection(ProjectConfigurationPlatforms) = postSolution
		{D64C1577-4929-4B60-939E-96DE1534891A}.Debug|Any CPU.ActiveCfg = Debug|Any CPU
		{D64C1577-4929-4B60-939E-96DE1534891A}.Debug|Any CPU.Build.0 = Debug|Any CPU
		{D64C1577-4929-4B60-939E-96DE1534891A}.Release|Any CPU.ActiveCfg = Release|Any CPU
		{D64C1577-4929-4B60-939E-96DE1534891A}.Release|Any CPU.Build.0 = Release|Any CPU
		{F2840BC7-0188-4606-9126-DADD0F5ABF7A}.Debug|Any CPU.ActiveCfg = Debug|Any CPU
		{F2840BC7-0188-4606-9126-DADD0F5ABF7A}.Debug|Any CPU.Build.0 = Debug|Any CPU
		{F2840BC7-0188-4606-9126-DADD0F5ABF7A}.Release|Any CPU.ActiveCfg = Release|Any CPU
		{F2840BC7-0188-4606-9126-DADD0F5ABF7A}.Release|Any CPU.Build.0 = Release|Any CPU
		{BD65D04F-08D5-40C1-8C24-77CA0BACB877}.Debug|Any CPU.ActiveCfg = Debug|Any CPU
		{BD65D04F-08D5-40C1-8C24-77CA0BACB877}.Debug|Any CPU.Build.0 = Debug|Any CPU
		{BD65D04F-08D5-40C1-8C24-77CA0BACB877}.Release|Any CPU.ActiveCfg = Release|Any CPU
		{BD65D04F-08D5-40C1-8C24-77CA0BACB877}.Release|Any CPU.Build.0 = Release|Any CPU
		{78040F9E-3501-4A40-82DF-00A597710F35}.Debug|Any CPU.ActiveCfg = Debug|Any CPU
		{78040F9E-3501-4A40-82DF-00A597710F35}.Debug|Any CPU.Build.0 = Debug|Any CPU
		{78040F9E-3501-4A40-82DF-00A597710F35}.Release|Any CPU.ActiveCfg = Release|Any CPU
		{78040F9E-3501-4A40-82DF-00A597710F35}.Release|Any CPU.Build.0 = Release|Any CPU
		{0CE86223-D31D-4315-A1F5-87BA3EE1B844}.Debug|Any CPU.ActiveCfg = Debug|Any CPU
		{0CE86223-D31D-4315-A1F5-87BA3EE1B844}.Debug|Any CPU.Build.0 = Debug|Any CPU
		{0CE86223-D31D-4315-A1F5-87BA3EE1B844}.Release|Any CPU.ActiveCfg = Release|Any CPU
		{0CE86223-D31D-4315-A1F5-87BA3EE1B844}.Release|Any CPU.Build.0 = Release|Any CPU
		{077AA5F8-8B61-420C-A6B5-0150A66FDB34}.Debug|Any CPU.ActiveCfg = Debug|Any CPU
		{077AA5F8-8B61-420C-A6B5-0150A66FDB34}.Debug|Any CPU.Build.0 = Debug|Any CPU
		{077AA5F8-8B61-420C-A6B5-0150A66FDB34}.Release|Any CPU.ActiveCfg = Release|Any CPU
		{077AA5F8-8B61-420C-A6B5-0150A66FDB34}.Release|Any CPU.Build.0 = Release|Any CPU
		{36E2735F-CEAB-44C8-A6D1-2CDAFF399751}.Debug|Any CPU.ActiveCfg = Debug|Any CPU
		{36E2735F-CEAB-44C8-A6D1-2CDAFF399751}.Debug|Any CPU.Build.0 = Debug|Any CPU
		{36E2735F-CEAB-44C8-A6D1-2CDAFF399751}.Release|Any CPU.ActiveCfg = Release|Any CPU
		{36E2735F-CEAB-44C8-A6D1-2CDAFF399751}.Release|Any CPU.Build.0 = Release|Any CPU
		{C5BB573D-3030-4BCB-88B7-F6A85C32766C}.Debug|Any CPU.ActiveCfg = Debug|Any CPU
		{C5BB573D-3030-4BCB-88B7-F6A85C32766C}.Debug|Any CPU.Build.0 = Debug|Any CPU
		{C5BB573D-3030-4BCB-88B7-F6A85C32766C}.Release|Any CPU.ActiveCfg = Release|Any CPU
		{C5BB573D-3030-4BCB-88B7-F6A85C32766C}.Release|Any CPU.Build.0 = Release|Any CPU
		{527F645C-C1FC-406E-8479-81386C8ECF13}.Debug|Any CPU.ActiveCfg = Debug|Any CPU
		{527F645C-C1FC-406E-8479-81386C8ECF13}.Debug|Any CPU.Build.0 = Debug|Any CPU
		{527F645C-C1FC-406E-8479-81386C8ECF13}.Release|Any CPU.ActiveCfg = Release|Any CPU
		{527F645C-C1FC-406E-8479-81386C8ECF13}.Release|Any CPU.Build.0 = Release|Any CPU
		{E60895E5-79C4-447D-88B7-85CB5BA336A4}.Debug|Any CPU.ActiveCfg = Debug|Any CPU
		{E60895E5-79C4-447D-88B7-85CB5BA336A4}.Debug|Any CPU.Build.0 = Debug|Any CPU
		{E60895E5-79C4-447D-88B7-85CB5BA336A4}.Release|Any CPU.ActiveCfg = Release|Any CPU
		{E60895E5-79C4-447D-88B7-85CB5BA336A4}.Release|Any CPU.Build.0 = Release|Any CPU
		{90CB5DC4-C040-45C7-8900-9688B26405BC}.Debug|Any CPU.ActiveCfg = Debug|Any CPU
		{90CB5DC4-C040-45C7-8900-9688B26405BC}.Debug|Any CPU.Build.0 = Debug|Any CPU
		{90CB5DC4-C040-45C7-8900-9688B26405BC}.Release|Any CPU.ActiveCfg = Release|Any CPU
		{90CB5DC4-C040-45C7-8900-9688B26405BC}.Release|Any CPU.Build.0 = Release|Any CPU
		{1EDCD6D4-DF3A-4E3B-ABB6-C0D0B373EAB8}.Debug|Any CPU.ActiveCfg = Debug|Any CPU
		{1EDCD6D4-DF3A-4E3B-ABB6-C0D0B373EAB8}.Debug|Any CPU.Build.0 = Debug|Any CPU
		{1EDCD6D4-DF3A-4E3B-ABB6-C0D0B373EAB8}.Release|Any CPU.ActiveCfg = Release|Any CPU
		{1EDCD6D4-DF3A-4E3B-ABB6-C0D0B373EAB8}.Release|Any CPU.Build.0 = Release|Any CPU
		{F849F3DC-D380-4DEF-A271-E99E33FCBC15}.Debug|Any CPU.ActiveCfg = Debug|Any CPU
		{F849F3DC-D380-4DEF-A271-E99E33FCBC15}.Debug|Any CPU.Build.0 = Debug|Any CPU
		{F849F3DC-D380-4DEF-A271-E99E33FCBC15}.Release|Any CPU.ActiveCfg = Release|Any CPU
		{F849F3DC-D380-4DEF-A271-E99E33FCBC15}.Release|Any CPU.Build.0 = Release|Any CPU
		{467A6B19-3BBB-4911-BD6C-0DDD747685F8}.Debug|Any CPU.ActiveCfg = Debug|Any CPU
		{467A6B19-3BBB-4911-BD6C-0DDD747685F8}.Debug|Any CPU.Build.0 = Debug|Any CPU
		{467A6B19-3BBB-4911-BD6C-0DDD747685F8}.Release|Any CPU.ActiveCfg = Release|Any CPU
		{467A6B19-3BBB-4911-BD6C-0DDD747685F8}.Release|Any CPU.Build.0 = Release|Any CPU
		{F1BC4499-5B3B-4963-B1CB-720082054071}.Debug|Any CPU.ActiveCfg = Debug|Any CPU
		{F1BC4499-5B3B-4963-B1CB-720082054071}.Debug|Any CPU.Build.0 = Debug|Any CPU
		{F1BC4499-5B3B-4963-B1CB-720082054071}.Release|Any CPU.ActiveCfg = Release|Any CPU
		{F1BC4499-5B3B-4963-B1CB-720082054071}.Release|Any CPU.Build.0 = Release|Any CPU
		{E9B61671-EBB1-4AA9-9BD7-568125C8F5E1}.Debug|Any CPU.ActiveCfg = Debug|Any CPU
		{E9B61671-EBB1-4AA9-9BD7-568125C8F5E1}.Debug|Any CPU.Build.0 = Debug|Any CPU
		{E9B61671-EBB1-4AA9-9BD7-568125C8F5E1}.Release|Any CPU.ActiveCfg = Release|Any CPU
		{E9B61671-EBB1-4AA9-9BD7-568125C8F5E1}.Release|Any CPU.Build.0 = Release|Any CPU
		{A0A3056D-4F77-4FEE-BC24-5D7EF7864BF6}.Debug|Any CPU.ActiveCfg = Debug|Any CPU
		{A0A3056D-4F77-4FEE-BC24-5D7EF7864BF6}.Debug|Any CPU.Build.0 = Debug|Any CPU
		{A0A3056D-4F77-4FEE-BC24-5D7EF7864BF6}.Release|Any CPU.ActiveCfg = Release|Any CPU
		{A0A3056D-4F77-4FEE-BC24-5D7EF7864BF6}.Release|Any CPU.Build.0 = Release|Any CPU
		{298FBEE1-F93B-4B8F-8B91-EBEDF62DA9CC}.Debug|Any CPU.ActiveCfg = Debug|Any CPU
		{298FBEE1-F93B-4B8F-8B91-EBEDF62DA9CC}.Debug|Any CPU.Build.0 = Debug|Any CPU
		{298FBEE1-F93B-4B8F-8B91-EBEDF62DA9CC}.Release|Any CPU.ActiveCfg = Release|Any CPU
		{298FBEE1-F93B-4B8F-8B91-EBEDF62DA9CC}.Release|Any CPU.Build.0 = Release|Any CPU
		{E2653B0E-4B84-45CA-A130-65ED70F883A8}.Debug|Any CPU.ActiveCfg = Debug|Any CPU
		{E2653B0E-4B84-45CA-A130-65ED70F883A8}.Debug|Any CPU.Build.0 = Debug|Any CPU
		{E2653B0E-4B84-45CA-A130-65ED70F883A8}.Release|Any CPU.ActiveCfg = Release|Any CPU
		{E2653B0E-4B84-45CA-A130-65ED70F883A8}.Release|Any CPU.Build.0 = Release|Any CPU
	EndGlobalSection
	GlobalSection(SolutionProperties) = preSolution
		HideSolutionNode = FALSE
	EndGlobalSection
	GlobalSection(NestedProjects) = preSolution
		{D64C1577-4929-4B60-939E-96DE1534891A} = {052D47BA-E40B-4535-97BB-A749BF10D4D8}
		{F2840BC7-0188-4606-9126-DADD0F5ABF7A} = {052D47BA-E40B-4535-97BB-A749BF10D4D8}
		{BD65D04F-08D5-40C1-8C24-77CA0BACB877} = {ABCCE3BE-E9E5-4267-B09C-20B615958E5E}
		{78040F9E-3501-4A40-82DF-00A597710F35} = {ABCCE3BE-E9E5-4267-B09C-20B615958E5E}
		{0CE86223-D31D-4315-A1F5-87BA3EE1B844} = {052D47BA-E40B-4535-97BB-A749BF10D4D8}
		{077AA5F8-8B61-420C-A6B5-0150A66FDB34} = {ABCCE3BE-E9E5-4267-B09C-20B615958E5E}
		{36E2735F-CEAB-44C8-A6D1-2CDAFF399751} = {ABCCE3BE-E9E5-4267-B09C-20B615958E5E}
		{C5BB573D-3030-4BCB-88B7-F6A85C32766C} = {7F5AD509-11C1-4BB3-AB58-7555419950DD}
		{527F645C-C1FC-406E-8479-81386C8ECF13} = {7F5AD509-11C1-4BB3-AB58-7555419950DD}
		{E60895E5-79C4-447D-88B7-85CB5BA336A4} = {7F5AD509-11C1-4BB3-AB58-7555419950DD}
		{90CB5DC4-C040-45C7-8900-9688B26405BC} = {63660520-7F41-4E7B-AE62-E8E8B85C9AD5}
		{1EDCD6D4-DF3A-4E3B-ABB6-C0D0B373EAB8} = {0140ECBA-FDB7-49B6-B06D-776A66F41D65}
		{ABCCE3BE-E9E5-4267-B09C-20B615958E5E} = {649A3FFA-182F-4E56-9717-E6A9A2BEC545}
		{595A64CB-B178-47F7-9BFF-CF558319FCE8} = {649A3FFA-182F-4E56-9717-E6A9A2BEC545}
		{052D47BA-E40B-4535-97BB-A749BF10D4D8} = {649A3FFA-182F-4E56-9717-E6A9A2BEC545}
		{8CB74A18-A913-4521-87C1-C717D87BC59D} = {649A3FFA-182F-4E56-9717-E6A9A2BEC545}
		{F849F3DC-D380-4DEF-A271-E99E33FCBC15} = {595A64CB-B178-47F7-9BFF-CF558319FCE8}
		{467A6B19-3BBB-4911-BD6C-0DDD747685F8} = {595A64CB-B178-47F7-9BFF-CF558319FCE8}
		{F1BC4499-5B3B-4963-B1CB-720082054071} = {595A64CB-B178-47F7-9BFF-CF558319FCE8}
		{E9B61671-EBB1-4AA9-9BD7-568125C8F5E1} = {595A64CB-B178-47F7-9BFF-CF558319FCE8}
		{A0A3056D-4F77-4FEE-BC24-5D7EF7864BF6} = {8CB74A18-A913-4521-87C1-C717D87BC59D}
		{7F5AD509-11C1-4BB3-AB58-7555419950DD} = {CCD2960C-23CC-4AB4-B84D-60C7AAA52F4D}
		{63660520-7F41-4E7B-AE62-E8E8B85C9AD5} = {CCD2960C-23CC-4AB4-B84D-60C7AAA52F4D}
		{39EDE18B-D310-4049-BC16-F64DD04AC770} = {CCD2960C-23CC-4AB4-B84D-60C7AAA52F4D}
		{298FBEE1-F93B-4B8F-8B91-EBEDF62DA9CC} = {39EDE18B-D310-4049-BC16-F64DD04AC770}
		{0140ECBA-FDB7-49B6-B06D-776A66F41D65} = {CCD2960C-23CC-4AB4-B84D-60C7AAA52F4D}
		{E2653B0E-4B84-45CA-A130-65ED70F883A8} = {595A64CB-B178-47F7-9BFF-CF558319FCE8}
	EndGlobalSection
	GlobalSection(ExtensibilityGlobals) = postSolution
		SolutionGuid = {4324B3B4-B60B-4E3C-91D8-59576B4E26DD}
	EndGlobalSection
EndGlobal
