
Microsoft Visual Studio Solution File, Format Version 12.00
# Visual Studio Version 17
VisualStudioVersion = 17.3.32922.545
MinimumVisualStudioVersion = 10.0.40219.1
Project("{9A19103F-16F7-4668-BE54-9A1E7A4F7556}") = "Tribulus.MarketPlace.AggregateService.Domain.Shared", "src\Tribulus.MarketPlace.AggregateService.Domain.Shared\Tribulus.MarketPlace.AggregateService.Domain.Shared.csproj", "{D64C1577-4929-4B60-939E-96DE1534891A}"
EndProject
Project("{9A19103F-16F7-4668-BE54-9A1E7A4F7556}") = "Tribulus.MarketPlace.AggregateService.Domain", "src\Tribulus.MarketPlace.AggregateService.Domain\Tribulus.MarketPlace.AggregateService.Domain.csproj", "{F2840BC7-0188-4606-9126-DADD0F5ABF7A}"
EndProject
Project("{9A19103F-16F7-4668-BE54-9A1E7A4F7556}") = "Tribulus.MarketPlace.AggregateService.Application.Contracts", "src\Tribulus.MarketPlace.AggregateService.Application.Contracts\Tribulus.MarketPlace.AggregateService.Application.Contracts.csproj", "{BD65D04F-08D5-40C1-8C24-77CA0BACB877}"
EndProject
Project("{9A19103F-16F7-4668-BE54-9A1E7A4F7556}") = "Tribulus.MarketPlace.AggregateService.Application", "src\Tribulus.MarketPlace.AggregateService.Application\Tribulus.MarketPlace.AggregateService.Application.csproj", "{78040F9E-3501-4A40-82DF-00A597710F35}"
EndProject
Project("{2150E333-8FDC-42A3-9474-1A3956D46DE8}") = "src", "src", "{649A3FFA-182F-4E56-9717-E6A9A2BEC545}"
EndProject
Project("{2150E333-8FDC-42A3-9474-1A3956D46DE8}") = "test", "test", "{CCD2960C-23CC-4AB4-B84D-60C7AAA52F4D}"
EndProject
Project("{2150E333-8FDC-42A3-9474-1A3956D46DE8}") = "host", "host", "{E400416D-2895-4512-9D17-90681EEC7E0A}"
EndProject
Project("{9A19103F-16F7-4668-BE54-9A1E7A4F7556}") = "Tribulus.MarketPlace.AggregateService.EntityFrameworkCore", "src\Tribulus.MarketPlace.AggregateService.EntityFrameworkCore\Tribulus.MarketPlace.AggregateService.EntityFrameworkCore.csproj", "{0CE86223-D31D-4315-A1F5-87BA3EE1B844}"
EndProject
Project("{9A19103F-16F7-4668-BE54-9A1E7A4F7556}") = "Tribulus.MarketPlace.AggregateService.HttpApi", "src\Tribulus.MarketPlace.AggregateService.HttpApi\Tribulus.MarketPlace.AggregateService.HttpApi.csproj", "{077AA5F8-8B61-420C-A6B5-0150A66FDB34}"
EndProject
Project("{9A19103F-16F7-4668-BE54-9A1E7A4F7556}") = "Tribulus.MarketPlace.AggregateService.HttpApi.Client", "src\Tribulus.MarketPlace.AggregateService.HttpApi.Client\Tribulus.MarketPlace.AggregateService.HttpApi.Client.csproj", "{36E2735F-CEAB-44C8-A6D1-2CDAFF399751}"
EndProject
Project("{9A19103F-16F7-4668-BE54-9A1E7A4F7556}") = "Tribulus.MarketPlace.AggregateService.TestBase", "test\Tribulus.MarketPlace.AggregateService.TestBase\Tribulus.MarketPlace.AggregateService.TestBase.csproj", "{C5BB573D-3030-4BCB-88B7-F6A85C32766C}"
EndProject
Project("{9A19103F-16F7-4668-BE54-9A1E7A4F7556}") = "Tribulus.MarketPlace.AggregateService.EntityFrameworkCore.Tests", "test\Tribulus.MarketPlace.AggregateService.EntityFrameworkCore.Tests\Tribulus.MarketPlace.AggregateService.EntityFrameworkCore.Tests.csproj", "{527F645C-C1FC-406E-8479-81386C8ECF13}"
EndProject
Project("{9A19103F-16F7-4668-BE54-9A1E7A4F7556}") = "Tribulus.MarketPlace.AggregateService.Domain.Tests", "test\Tribulus.MarketPlace.AggregateService.Domain.Tests\Tribulus.MarketPlace.AggregateService.Domain.Tests.csproj", "{E60895E5-79C4-447D-88B7-85CB5BA336A4}"
EndProject
Project("{9A19103F-16F7-4668-BE54-9A1E7A4F7556}") = "Tribulus.MarketPlace.AggregateService.Application.Tests", "test\Tribulus.MarketPlace.AggregateService.Application.Tests\Tribulus.MarketPlace.AggregateService.Application.Tests.csproj", "{90CB5DC4-C040-45C7-8900-9688B26405BC}"
EndProject
Project("{9A19103F-16F7-4668-BE54-9A1E7A4F7556}") = "Tribulus.MarketPlace.AggregateService.HttpApi.Host", "host\Tribulus.MarketPlace.AggregateService.HttpApi.Host\Tribulus.MarketPlace.AggregateService.HttpApi.Host.csproj", "{37B135B0-DAFE-4616-B25C-1BDF32FC44A2}"
EndProject
Project("{9A19103F-16F7-4668-BE54-9A1E7A4F7556}") = "Tribulus.MarketPlace.AggregateService.HttpApi.Client.ConsoleTestApp", "test\Tribulus.MarketPlace.AggregateService.HttpApi.Client.ConsoleTestApp\Tribulus.MarketPlace.AggregateService.HttpApi.Client.ConsoleTestApp.csproj", "{1EDCD6D4-DF3A-4E3B-ABB6-C0D0B373EAB8}"
EndProject
Project("{2150E333-8FDC-42A3-9474-1A3956D46DE8}") = "composition", "composition", "{2B348CB2-4793-4006-9D03-442AE2B0E644}"
EndProject
Project("{9A19103F-16F7-4668-BE54-9A1E7A4F7556}") = "Tribulus.MarketPlace.Admin.Inventory.Composition", "..\inventory\src\Tribulus.MarketPlace.Admin.Inventory.Composition\Tribulus.MarketPlace.Admin.Inventory.Composition.csproj", "{5665AB9C-D659-4C78-A70C-807BDE997F89}"
EndProject
Project("{2150E333-8FDC-42A3-9474-1A3956D46DE8}") = "inventory", "inventory", "{AE719B8C-48EA-44BC-8031-149DB8670B93}"
EndProject
Project("{2150E333-8FDC-42A3-9474-1A3956D46DE8}") = "sales", "sales", "{D50EAB37-C1CA-4F9E-9CC4-9A880E755A69}"
EndProject
Project("{2150E333-8FDC-42A3-9474-1A3956D46DE8}") = "marketing", "marketing", "{0103E1A9-EE0A-4848-AF96-A3E6CDB8AFE6}"
EndProject
Project("{9A19103F-16F7-4668-BE54-9A1E7A4F7556}") = "Tribulus.MarketPlace.Admin.Marketing.Composition", "..\marketing\src\Tribulus.MarketPlace.Admin.Marketing.Composition\Tribulus.MarketPlace.Admin.Marketing.Composition.csproj", "{B50FD780-7C3A-4D39-8A1C-7861EF94F88D}"
EndProject
Project("{9A19103F-16F7-4668-BE54-9A1E7A4F7556}") = "Tribulus.MarketPlace.Admin.Sales.Composition", "..\sales\src\Tribulus.MarketPlace.Admin.Sales.Composition\Tribulus.MarketPlace.Admin.Sales.Composition.csproj", "{FBA4BAB4-E1C5-435D-96BD-4DBCDD0A0006}"
EndProject
Project("{9A19103F-16F7-4668-BE54-9A1E7A4F7556}") = "Tribulus.MarketPlace.Admin.Inventory.Application.Contracts", "..\inventory\src\Tribulus.MarketPlace.Admin.Inventory.Application.Contracts\Tribulus.MarketPlace.Admin.Inventory.Application.Contracts.csproj", "{DE5DAB52-5232-4CEB-8D8C-F181DC937898}"
EndProject
Project("{9A19103F-16F7-4668-BE54-9A1E7A4F7556}") = "Tribulus.MarketPlace.Admin.Marketing.Application.Contracts", "..\marketing\src\Tribulus.MarketPlace.Admin.Marketing.Application.Contracts\Tribulus.MarketPlace.Admin.Marketing.Application.Contracts.csproj", "{3875216E-A988-4CCE-A147-9E6BAFB7C981}"
EndProject
Project("{9A19103F-16F7-4668-BE54-9A1E7A4F7556}") = "Tribulus.MarketPlace.Admin.Sales.Application.Contracts", "..\sales\src\Tribulus.MarketPlace.Admin.Sales.Application.Contracts\Tribulus.MarketPlace.Admin.Sales.Application.Contracts.csproj", "{E3E14EAE-D2AD-4F93-BF59-0DB14EB1649E}"
EndProject
Project("{9A19103F-16F7-4668-BE54-9A1E7A4F7556}") = "Tribulus.MarketPlace.Admin.Inventory.Application", "..\inventory\src\Tribulus.MarketPlace.Admin.Inventory.Application\Tribulus.MarketPlace.Admin.Inventory.Application.csproj", "{67773570-949F-4791-8FCC-CCE5A4BD9E0E}"
EndProject
Project("{9A19103F-16F7-4668-BE54-9A1E7A4F7556}") = "Tribulus.MarketPlace.Admin.Marketing.Application", "..\marketing\src\Tribulus.MarketPlace.Admin.Marketing.Application\Tribulus.MarketPlace.Admin.Marketing.Application.csproj", "{DA832C62-DF7B-4A52-A1DE-304DBC830A88}"
EndProject
Project("{9A19103F-16F7-4668-BE54-9A1E7A4F7556}") = "Tribulus.MarketPlace.Admin.Sales.Application", "..\sales\src\Tribulus.MarketPlace.Admin.Sales.Application\Tribulus.MarketPlace.Admin.Sales.Application.csproj", "{F00E8A80-1423-4334-A32F-917C3A19BC41}"
EndProject
Global
	GlobalSection(SolutionConfigurationPlatforms) = preSolution
		Debug|Any CPU = Debug|Any CPU
		Release|Any CPU = Release|Any CPU
	EndGlobalSection
	GlobalSection(ProjectConfigurationPlatforms) = postSolution
		{D64C1577-4929-4B60-939E-96DE1534891A}.Debug|Any CPU.ActiveCfg = Debug|Any CPU
		{D64C1577-4929-4B60-939E-96DE1534891A}.Debug|Any CPU.Build.0 = Debug|Any CPU
		{D64C1577-4929-4B60-939E-96DE1534891A}.Release|Any CPU.ActiveCfg = Release|Any CPU
		{D64C1577-4929-4B60-939E-96DE1534891A}.Release|Any CPU.Build.0 = Release|Any CPU
		{F2840BC7-0188-4606-9126-DADD0F5ABF7A}.Debug|Any CPU.ActiveCfg = Debug|Any CPU
		{F2840BC7-0188-4606-9126-DADD0F5ABF7A}.Debug|Any CPU.Build.0 = Debug|Any CPU
		{F2840BC7-0188-4606-9126-DADD0F5ABF7A}.Release|Any CPU.ActiveCfg = Release|Any CPU
		{F2840BC7-0188-4606-9126-DADD0F5ABF7A}.Release|Any CPU.Build.0 = Release|Any CPU
		{BD65D04F-08D5-40C1-8C24-77CA0BACB877}.Debug|Any CPU.ActiveCfg = Debug|Any CPU
		{BD65D04F-08D5-40C1-8C24-77CA0BACB877}.Debug|Any CPU.Build.0 = Debug|Any CPU
		{BD65D04F-08D5-40C1-8C24-77CA0BACB877}.Release|Any CPU.ActiveCfg = Release|Any CPU
		{BD65D04F-08D5-40C1-8C24-77CA0BACB877}.Release|Any CPU.Build.0 = Release|Any CPU
		{78040F9E-3501-4A40-82DF-00A597710F35}.Debug|Any CPU.ActiveCfg = Debug|Any CPU
		{78040F9E-3501-4A40-82DF-00A597710F35}.Debug|Any CPU.Build.0 = Debug|Any CPU
		{78040F9E-3501-4A40-82DF-00A597710F35}.Release|Any CPU.ActiveCfg = Release|Any CPU
		{78040F9E-3501-4A40-82DF-00A597710F35}.Release|Any CPU.Build.0 = Release|Any CPU
		{0CE86223-D31D-4315-A1F5-87BA3EE1B844}.Debug|Any CPU.ActiveCfg = Debug|Any CPU
		{0CE86223-D31D-4315-A1F5-87BA3EE1B844}.Debug|Any CPU.Build.0 = Debug|Any CPU
		{0CE86223-D31D-4315-A1F5-87BA3EE1B844}.Release|Any CPU.ActiveCfg = Release|Any CPU
		{0CE86223-D31D-4315-A1F5-87BA3EE1B844}.Release|Any CPU.Build.0 = Release|Any CPU
		{077AA5F8-8B61-420C-A6B5-0150A66FDB34}.Debug|Any CPU.ActiveCfg = Debug|Any CPU
		{077AA5F8-8B61-420C-A6B5-0150A66FDB34}.Debug|Any CPU.Build.0 = Debug|Any CPU
		{077AA5F8-8B61-420C-A6B5-0150A66FDB34}.Release|Any CPU.ActiveCfg = Release|Any CPU
		{077AA5F8-8B61-420C-A6B5-0150A66FDB34}.Release|Any CPU.Build.0 = Release|Any CPU
		{36E2735F-CEAB-44C8-A6D1-2CDAFF399751}.Debug|Any CPU.ActiveCfg = Debug|Any CPU
		{36E2735F-CEAB-44C8-A6D1-2CDAFF399751}.Debug|Any CPU.Build.0 = Debug|Any CPU
		{36E2735F-CEAB-44C8-A6D1-2CDAFF399751}.Release|Any CPU.ActiveCfg = Release|Any CPU
		{36E2735F-CEAB-44C8-A6D1-2CDAFF399751}.Release|Any CPU.Build.0 = Release|Any CPU
		{C5BB573D-3030-4BCB-88B7-F6A85C32766C}.Debug|Any CPU.ActiveCfg = Debug|Any CPU
		{C5BB573D-3030-4BCB-88B7-F6A85C32766C}.Debug|Any CPU.Build.0 = Debug|Any CPU
		{C5BB573D-3030-4BCB-88B7-F6A85C32766C}.Release|Any CPU.ActiveCfg = Release|Any CPU
		{C5BB573D-3030-4BCB-88B7-F6A85C32766C}.Release|Any CPU.Build.0 = Release|Any CPU
		{527F645C-C1FC-406E-8479-81386C8ECF13}.Debug|Any CPU.ActiveCfg = Debug|Any CPU
		{527F645C-C1FC-406E-8479-81386C8ECF13}.Debug|Any CPU.Build.0 = Debug|Any CPU
		{527F645C-C1FC-406E-8479-81386C8ECF13}.Release|Any CPU.ActiveCfg = Release|Any CPU
		{527F645C-C1FC-406E-8479-81386C8ECF13}.Release|Any CPU.Build.0 = Release|Any CPU
		{E60895E5-79C4-447D-88B7-85CB5BA336A4}.Debug|Any CPU.ActiveCfg = Debug|Any CPU
		{E60895E5-79C4-447D-88B7-85CB5BA336A4}.Debug|Any CPU.Build.0 = Debug|Any CPU
		{E60895E5-79C4-447D-88B7-85CB5BA336A4}.Release|Any CPU.ActiveCfg = Release|Any CPU
		{E60895E5-79C4-447D-88B7-85CB5BA336A4}.Release|Any CPU.Build.0 = Release|Any CPU
		{90CB5DC4-C040-45C7-8900-9688B26405BC}.Debug|Any CPU.ActiveCfg = Debug|Any CPU
		{90CB5DC4-C040-45C7-8900-9688B26405BC}.Debug|Any CPU.Build.0 = Debug|Any CPU
		{90CB5DC4-C040-45C7-8900-9688B26405BC}.Release|Any CPU.ActiveCfg = Release|Any CPU
		{90CB5DC4-C040-45C7-8900-9688B26405BC}.Release|Any CPU.Build.0 = Release|Any CPU
		{37B135B0-DAFE-4616-B25C-1BDF32FC44A2}.Debug|Any CPU.ActiveCfg = Debug|Any CPU
		{37B135B0-DAFE-4616-B25C-1BDF32FC44A2}.Debug|Any CPU.Build.0 = Debug|Any CPU
		{37B135B0-DAFE-4616-B25C-1BDF32FC44A2}.Release|Any CPU.ActiveCfg = Release|Any CPU
		{37B135B0-DAFE-4616-B25C-1BDF32FC44A2}.Release|Any CPU.Build.0 = Release|Any CPU
		{1EDCD6D4-DF3A-4E3B-ABB6-C0D0B373EAB8}.Debug|Any CPU.ActiveCfg = Debug|Any CPU
		{1EDCD6D4-DF3A-4E3B-ABB6-C0D0B373EAB8}.Debug|Any CPU.Build.0 = Debug|Any CPU
		{1EDCD6D4-DF3A-4E3B-ABB6-C0D0B373EAB8}.Release|Any CPU.ActiveCfg = Release|Any CPU
		{1EDCD6D4-DF3A-4E3B-ABB6-C0D0B373EAB8}.Release|Any CPU.Build.0 = Release|Any CPU
		{5665AB9C-D659-4C78-A70C-807BDE997F89}.Debug|Any CPU.ActiveCfg = Debug|Any CPU
		{5665AB9C-D659-4C78-A70C-807BDE997F89}.Debug|Any CPU.Build.0 = Debug|Any CPU
		{5665AB9C-D659-4C78-A70C-807BDE997F89}.Release|Any CPU.ActiveCfg = Release|Any CPU
		{5665AB9C-D659-4C78-A70C-807BDE997F89}.Release|Any CPU.Build.0 = Release|Any CPU
		{B50FD780-7C3A-4D39-8A1C-7861EF94F88D}.Debug|Any CPU.ActiveCfg = Debug|Any CPU
		{B50FD780-7C3A-4D39-8A1C-7861EF94F88D}.Debug|Any CPU.Build.0 = Debug|Any CPU
		{B50FD780-7C3A-4D39-8A1C-7861EF94F88D}.Release|Any CPU.ActiveCfg = Release|Any CPU
		{B50FD780-7C3A-4D39-8A1C-7861EF94F88D}.Release|Any CPU.Build.0 = Release|Any CPU
		{FBA4BAB4-E1C5-435D-96BD-4DBCDD0A0006}.Debug|Any CPU.ActiveCfg = Debug|Any CPU
		{FBA4BAB4-E1C5-435D-96BD-4DBCDD0A0006}.Debug|Any CPU.Build.0 = Debug|Any CPU
		{FBA4BAB4-E1C5-435D-96BD-4DBCDD0A0006}.Release|Any CPU.ActiveCfg = Release|Any CPU
		{FBA4BAB4-E1C5-435D-96BD-4DBCDD0A0006}.Release|Any CPU.Build.0 = Release|Any CPU
		{DE5DAB52-5232-4CEB-8D8C-F181DC937898}.Debug|Any CPU.ActiveCfg = Debug|Any CPU
		{DE5DAB52-5232-4CEB-8D8C-F181DC937898}.Debug|Any CPU.Build.0 = Debug|Any CPU
		{DE5DAB52-5232-4CEB-8D8C-F181DC937898}.Release|Any CPU.ActiveCfg = Release|Any CPU
		{DE5DAB52-5232-4CEB-8D8C-F181DC937898}.Release|Any CPU.Build.0 = Release|Any CPU
		{3875216E-A988-4CCE-A147-9E6BAFB7C981}.Debug|Any CPU.ActiveCfg = Debug|Any CPU
		{3875216E-A988-4CCE-A147-9E6BAFB7C981}.Debug|Any CPU.Build.0 = Debug|Any CPU
		{3875216E-A988-4CCE-A147-9E6BAFB7C981}.Release|Any CPU.ActiveCfg = Release|Any CPU
		{3875216E-A988-4CCE-A147-9E6BAFB7C981}.Release|Any CPU.Build.0 = Release|Any CPU
		{E3E14EAE-D2AD-4F93-BF59-0DB14EB1649E}.Debug|Any CPU.ActiveCfg = Debug|Any CPU
		{E3E14EAE-D2AD-4F93-BF59-0DB14EB1649E}.Debug|Any CPU.Build.0 = Debug|Any CPU
		{E3E14EAE-D2AD-4F93-BF59-0DB14EB1649E}.Release|Any CPU.ActiveCfg = Release|Any CPU
		{E3E14EAE-D2AD-4F93-BF59-0DB14EB1649E}.Release|Any CPU.Build.0 = Release|Any CPU
		{67773570-949F-4791-8FCC-CCE5A4BD9E0E}.Debug|Any CPU.ActiveCfg = Debug|Any CPU
		{67773570-949F-4791-8FCC-CCE5A4BD9E0E}.Debug|Any CPU.Build.0 = Debug|Any CPU
		{67773570-949F-4791-8FCC-CCE5A4BD9E0E}.Release|Any CPU.ActiveCfg = Release|Any CPU
		{67773570-949F-4791-8FCC-CCE5A4BD9E0E}.Release|Any CPU.Build.0 = Release|Any CPU
		{DA832C62-DF7B-4A52-A1DE-304DBC830A88}.Debug|Any CPU.ActiveCfg = Debug|Any CPU
		{DA832C62-DF7B-4A52-A1DE-304DBC830A88}.Debug|Any CPU.Build.0 = Debug|Any CPU
		{DA832C62-DF7B-4A52-A1DE-304DBC830A88}.Release|Any CPU.ActiveCfg = Release|Any CPU
		{DA832C62-DF7B-4A52-A1DE-304DBC830A88}.Release|Any CPU.Build.0 = Release|Any CPU
		{F00E8A80-1423-4334-A32F-917C3A19BC41}.Debug|Any CPU.ActiveCfg = Debug|Any CPU
		{F00E8A80-1423-4334-A32F-917C3A19BC41}.Debug|Any CPU.Build.0 = Debug|Any CPU
		{F00E8A80-1423-4334-A32F-917C3A19BC41}.Release|Any CPU.ActiveCfg = Release|Any CPU
		{F00E8A80-1423-4334-A32F-917C3A19BC41}.Release|Any CPU.Build.0 = Release|Any CPU
	EndGlobalSection
	GlobalSection(SolutionProperties) = preSolution
		HideSolutionNode = FALSE
	EndGlobalSection
	GlobalSection(NestedProjects) = preSolution
		{D64C1577-4929-4B60-939E-96DE1534891A} = {649A3FFA-182F-4E56-9717-E6A9A2BEC545}
		{F2840BC7-0188-4606-9126-DADD0F5ABF7A} = {649A3FFA-182F-4E56-9717-E6A9A2BEC545}
		{BD65D04F-08D5-40C1-8C24-77CA0BACB877} = {649A3FFA-182F-4E56-9717-E6A9A2BEC545}
		{78040F9E-3501-4A40-82DF-00A597710F35} = {649A3FFA-182F-4E56-9717-E6A9A2BEC545}
		{0CE86223-D31D-4315-A1F5-87BA3EE1B844} = {649A3FFA-182F-4E56-9717-E6A9A2BEC545}
		{077AA5F8-8B61-420C-A6B5-0150A66FDB34} = {649A3FFA-182F-4E56-9717-E6A9A2BEC545}
		{36E2735F-CEAB-44C8-A6D1-2CDAFF399751} = {649A3FFA-182F-4E56-9717-E6A9A2BEC545}
		{C5BB573D-3030-4BCB-88B7-F6A85C32766C} = {CCD2960C-23CC-4AB4-B84D-60C7AAA52F4D}
		{527F645C-C1FC-406E-8479-81386C8ECF13} = {CCD2960C-23CC-4AB4-B84D-60C7AAA52F4D}
		{E60895E5-79C4-447D-88B7-85CB5BA336A4} = {CCD2960C-23CC-4AB4-B84D-60C7AAA52F4D}
		{90CB5DC4-C040-45C7-8900-9688B26405BC} = {CCD2960C-23CC-4AB4-B84D-60C7AAA52F4D}
		{37B135B0-DAFE-4616-B25C-1BDF32FC44A2} = {E400416D-2895-4512-9D17-90681EEC7E0A}
		{1EDCD6D4-DF3A-4E3B-ABB6-C0D0B373EAB8} = {CCD2960C-23CC-4AB4-B84D-60C7AAA52F4D}
		{5665AB9C-D659-4C78-A70C-807BDE997F89} = {AE719B8C-48EA-44BC-8031-149DB8670B93}
		{AE719B8C-48EA-44BC-8031-149DB8670B93} = {2B348CB2-4793-4006-9D03-442AE2B0E644}
		{D50EAB37-C1CA-4F9E-9CC4-9A880E755A69} = {2B348CB2-4793-4006-9D03-442AE2B0E644}
		{0103E1A9-EE0A-4848-AF96-A3E6CDB8AFE6} = {2B348CB2-4793-4006-9D03-442AE2B0E644}
		{B50FD780-7C3A-4D39-8A1C-7861EF94F88D} = {0103E1A9-EE0A-4848-AF96-A3E6CDB8AFE6}
		{FBA4BAB4-E1C5-435D-96BD-4DBCDD0A0006} = {D50EAB37-C1CA-4F9E-9CC4-9A880E755A69}
		{DE5DAB52-5232-4CEB-8D8C-F181DC937898} = {AE719B8C-48EA-44BC-8031-149DB8670B93}
		{3875216E-A988-4CCE-A147-9E6BAFB7C981} = {0103E1A9-EE0A-4848-AF96-A3E6CDB8AFE6}
		{E3E14EAE-D2AD-4F93-BF59-0DB14EB1649E} = {D50EAB37-C1CA-4F9E-9CC4-9A880E755A69}
		{67773570-949F-4791-8FCC-CCE5A4BD9E0E} = {AE719B8C-48EA-44BC-8031-149DB8670B93}
		{DA832C62-DF7B-4A52-A1DE-304DBC830A88} = {0103E1A9-EE0A-4848-AF96-A3E6CDB8AFE6}
		{F00E8A80-1423-4334-A32F-917C3A19BC41} = {D50EAB37-C1CA-4F9E-9CC4-9A880E755A69}
	EndGlobalSection
	GlobalSection(ExtensibilityGlobals) = postSolution
		SolutionGuid = {4324B3B4-B60B-4E3C-91D8-59576B4E26DD}
	EndGlobalSection
EndGlobal
